
Microsoft Visual Studio Solution File, Format Version 12.00
# Visual Studio Version 17
VisualStudioVersion = 17.5.002.0
MinimumVisualStudioVersion = 10.0.40219.1
Project("{9A19103F-16F7-4668-BE54-9A1E7A4F7556}") = "backend", "backend.csproj", "{68392D48-60E9-466C-A032-2E6BFDA898A2}"
EndProject
Global
	GlobalSection(SolutionConfigurationPlatforms) = preSolution
		Debug|Any CPU = Debug|Any CPU
		Release|Any CPU = Release|Any CPU
	EndGlobalSection
	GlobalSection(ProjectConfigurationPlatforms) = postSolution
		{68392D48-60E9-466C-A032-2E6BFDA898A2}.Debug|Any CPU.ActiveCfg = Debug|Any CPU
		{68392D48-60E9-466C-A032-2E6BFDA898A2}.Debug|Any CPU.Build.0 = Debug|Any CPU
		{68392D48-60E9-466C-A032-2E6BFDA898A2}.Release|Any CPU.ActiveCfg = Release|Any CPU
		{68392D48-60E9-466C-A032-2E6BFDA898A2}.Release|Any CPU.Build.0 = Release|Any CPU
	EndGlobalSection
	GlobalSection(SolutionProperties) = preSolution
		HideSolutionNode = FALSE
	EndGlobalSection
	GlobalSection(ExtensibilityGlobals) = postSolution
		SolutionGuid = {A9CC744D-2F81-4D16-9C53-B8B6DF5A5481}
	EndGlobalSection
EndGlobal
